{
  "object": {
    "pins": [
      {
        "package": "Result",
        "repositoryURL": "https://github.com/antitypical/Result.git",
        "state": {
          "branch": null,
          "revision": "c8446185238659a2b27c0261f64ff1254291d07d",
          "version": "3.2.3"
        }
      }
    ]
  },
  "version": 1
}
